// !$*UTF8*$!
{
	archiveVersion = 1;
	classes = {
	};
	objectVersion = 77;
	objects = {

/* Begin PBXContainerItemProxy section */
		17866C262E0DC89C0066607A /* PBXContainerItemProxy */ = {
			isa = PBXContainerItemProxy;
			containerPortal = 17866C102E0DC8990066607A /* Project object */;
			proxyType = 1;
			remoteGlobalIDString = 17866C172E0DC8990066607A;
			remoteInfo = ShopDeals;
		};
		17866C302E0DC89C0066607A /* PBXContainerItemProxy */ = {
			isa = PBXContainerItemProxy;
			containerPortal = 17866C102E0DC8990066607A /* Project object */;
			proxyType = 1;
			remoteGlobalIDString = 17866C172E0DC8990066607A;
			remoteInfo = ShopDeals;
		};
/* End PBXContainerItemProxy section */

/* Begin PBXFileReference section */
		17866C182E0DC8990066607A /* ShopDeals.app */ = {isa = PBXFileReference; explicitFileType = wrapper.application; includeInIndex = 0; path = ShopDeals.app; sourceTree = BUILT_PRODUCTS_DIR; };
		17866C252E0DC89C0066607A /* ShopDealsTests.xctest */ = {isa = PBXFileReference; explicitFileType = wrapper.cfbundle; includeInIndex = 0; path = ShopDealsTests.xctest; sourceTree = BUILT_PRODUCTS_DIR; };
		17866C2F2E0DC89C0066607A /* ShopDealsUITests.xctest */ = {isa = PBXFileReference; explicitFileType = wrapper.cfbundle; includeInIndex = 0; path = ShopDealsUITests.xctest; sourceTree = BUILT_PRODUCTS_DIR; };
/* End PBXFileReference section */

/* Begin PBXFileSystemSynchronizedBuildFileExceptionSet section */
		17866C552E0DD0930066607A /* Exceptions for "ShopDeals" folder in "ShopDeals" target */ = {
			isa = PBXFileSystemSynchronizedBuildFileExceptionSet;
			membershipExceptions = (
				Info.plist,
			);
			target = 17866C172E0DC8990066607A /* ShopDeals */;
		};
/* End PBXFileSystemSynchronizedBuildFileExceptionSet section */

/* Begin PBXFileSystemSynchronizedRootGroup section */
		17866C1A2E0DC8990066607A /* ShopDeals */ = {
			isa = PBXFileSystemSynchronizedRootGroup;
			exceptions = (
				17866C552E0DD0930066607A /* Exceptions for "ShopDeals" folder in "ShopDeals" target */,
			);
			path = ShopDeals;
			sourceTree = "<group>";
		};
		17866C282E0DC89C0066607A /* ShopDealsTests */ = {
			isa = PBXFileSystemSynchronizedRootGroup;
			path = ShopDealsTests;
			sourceTree = "<group>";
		};
		17866C322E0DC89C0066607A /* ShopDealsUITests */ = {
			isa = PBXFileSystemSynchronizedRootGroup;
			path = ShopDealsUITests;
			sourceTree = "<group>";
		};
/* End PBXFileSystemSynchronizedRootGroup section */

/* Begin PBXFrameworksBuildPhase section */
		17866C152E0DC8990066607A /* Frameworks */ = {
			isa = PBXFrameworksBuildPhase;
			buildActionMask = 2147483647;
			files = (
			);
			runOnlyForDeploymentPostprocessing = 0;
		};
		17866C222E0DC89C0066607A /* Frameworks */ = {
			isa = PBXFrameworksBuildPhase;
			buildActionMask = 2147483647;
			files = (
			);
			runOnlyForDeploymentPostprocessing = 0;
		};
		17866C2C2E0DC89C0066607A /* Frameworks */ = {
			isa = PBXFrameworksBuildPhase;
			buildActionMask = 2147483647;
			files = (
			);
			runOnlyForDeploymentPostprocessing = 0;
		};
/* End PBXFrameworksBuildPhase section */

/* Begin PBXGroup section */
		17866C0F2E0DC8990066607A = {
			isa = PBXGroup;
			children = (
				17866C1A2E0DC8990066607A /* ShopDeals */,
				17866C282E0DC89C0066607A /* ShopDealsTests */,
				17866C322E0DC89C0066607A /* ShopDealsUITests */,
				17866C192E0DC8990066607A /* Products */,
			);
			sourceTree = "<group>";
		};
		17866C192E0DC8990066607A /* Products */ = {
			isa = PBXGroup;
			children = (
				17866C182E0DC8990066607A /* ShopDeals.app */,
				17866C252E0DC89C0066607A /* ShopDealsTests.xctest */,
				17866C2F2E0DC89C0066607A /* ShopDealsUITests.xctest */,
			);
			name = Products;
			sourceTree = "<group>";
		};
/* End PBXGroup section */

/* Begin PBXNativeTarget section */
		17866C172E0DC8990066607A /* ShopDeals */ = {
			isa = PBXNativeTarget;
			buildConfigurationList = 17866C392E0DC89C0066607A /* Build configuration list for PBXNativeTarget "ShopDeals" */;
			buildPhases = (
				17866C142E0DC8990066607A /* Sources */,
				17866C152E0DC8990066607A /* Frameworks */,
				17866C162E0DC8990066607A /* Resources */,
			);
			buildRules = (
			);
			dependencies = (
			);
			fileSystemSynchronizedGroups = (
				17866C1A2E0DC8990066607A /* ShopDeals */,
			);
			name = ShopDeals;
			packageProductDependencies = (
			);
			productName = ShopDeals;
			productReference = 17866C182E0DC8990066607A /* ShopDeals.app */;
			productType = "com.apple.product-type.application";
		};
		17866C242E0DC89C0066607A /* ShopDealsTests */ = {
			isa = PBXNativeTarget;
			buildConfigurationList = 17866C3C2E0DC89C0066607A /* Build configuration list for PBXNativeTarget "ShopDealsTests" */;
			buildPhases = (
				17866C212E0DC89C0066607A /* Sources */,
				17866C222E0DC89C0066607A /* Frameworks */,
				17866C232E0DC89C0066607A /* Resources */,
			);
			buildRules = (
			);
			dependencies = (
				17866C272E0DC89C0066607A /* PBXTargetDependency */,
			);
			fileSystemSynchronizedGroups = (
				17866C282E0DC89C0066607A /* ShopDealsTests */,
			);
			name = ShopDealsTests;
			packageProductDependencies = (
			);
			productName = ShopDealsTests;
			productReference = 17866C252E0DC89C0066607A /* ShopDealsTests.xctest */;
			productType = "com.apple.product-type.bundle.unit-test";
		};
		17866C2E2E0DC89C0066607A /* ShopDealsUITests */ = {
			isa = PBXNativeTarget;
			buildConfigurationList = 17866C3F2E0DC89C0066607A /* Build configuration list for PBXNativeTarget "ShopDealsUITests" */;
			buildPhases = (
				17866C2B2E0DC89C0066607A /* Sources */,
				17866C2C2E0DC89C0066607A /* Frameworks */,
				17866C2D2E0DC89C0066607A /* Resources */,
			);
			buildRules = (
			);
			dependencies = (
				17866C312E0DC89C0066607A /* PBXTargetDependency */,
			);
			fileSystemSynchronizedGroups = (
				17866C322E0DC89C0066607A /* ShopDealsUITests */,
			);
			name = ShopDealsUITests;
			packageProductDependencies = (
			);
			productName = ShopDealsUITests;
			productReference = 17866C2F2E0DC89C0066607A /* ShopDealsUITests.xctest */;
			productType = "com.apple.product-type.bundle.ui-testing";
		};
/* End PBXNativeTarget section */

/* Begin PBXProject section */
		17866C102E0DC8990066607A /* Project object */ = {
			isa = PBXProject;
			attributes = {
				BuildIndependentTargetsInParallel = 1;
				LastSwiftUpdateCheck = 1640;
				LastUpgradeCheck = 1640;
				TargetAttributes = {
					17866C172E0DC8990066607A = {
						CreatedOnToolsVersion = 16.4;
					};
					17866C242E0DC89C0066607A = {
						CreatedOnToolsVersion = 16.4;
						TestTargetID = 17866C172E0DC8990066607A;
					};
					17866C2E2E0DC89C0066607A = {
						CreatedOnToolsVersion = 16.4;
						TestTargetID = 17866C172E0DC8990066607A;
					};
				};
			};
			buildConfigurationList = 17866C132E0DC8990066607A /* Build configuration list for PBXProject "ShopDeals" */;
			developmentRegion = en;
			hasScannedForEncodings = 0;
			knownRegions = (
				en,
				Base,
			);
			mainGroup = 17866C0F2E0DC8990066607A;
			minimizedProjectReferenceProxies = 1;
			preferredProjectObjectVersion = 77;
			productRefGroup = 17866C192E0DC8990066607A /* Products */;
			projectDirPath = "";
			projectRoot = "";
			targets = (
				17866C172E0DC8990066607A /* ShopDeals */,
				17866C242E0DC89C0066607A /* ShopDealsTests */,
				17866C2E2E0DC89C0066607A /* ShopDealsUITests */,
			);
		};
/* End PBXProject section */

/* Begin PBXResourcesBuildPhase section */
		17866C162E0DC8990066607A /* Resources */ = {
			isa = PBXResourcesBuildPhase;
			buildActionMask = 2147483647;
			files = (
			);
			runOnlyForDeploymentPostprocessing = 0;
		};
		17866C232E0DC89C0066607A /* Resources */ = {
			isa = PBXResourcesBuildPhase;
			buildActionMask = 2147483647;
			files = (
			);
			runOnlyForDeploymentPostprocessing = 0;
		};
		17866C2D2E0DC89C0066607A /* Resources */ = {
			isa = PBXResourcesBuildPhase;
			buildActionMask = 2147483647;
			files = (
			);
			runOnlyForDeploymentPostprocessing = 0;
		};
/* End PBXResourcesBuildPhase section */

/* Begin PBXSourcesBuildPhase section */
		17866C142E0DC8990066607A /* Sources */ = {
			isa = PBXSourcesBuildPhase;
			buildActionMask = 2147483647;
			files = (
			);
			runOnlyForDeploymentPostprocessing = 0;
		};
		17866C212E0DC89C0066607A /* Sources */ = {
			isa = PBXSourcesBuildPhase;
			buildActionMask = 2147483647;
			files = (
			);
			runOnlyForDeploymentPostprocessing = 0;
		};
		17866C2B2E0DC89C0066607A /* Sources */ = {
			isa = PBXSourcesBuildPhase;
			buildActionMask = 2147483647;
			files = (
			);
			runOnlyForDeploymentPostprocessing = 0;
		};
/* End PBXSourcesBuildPhase section */

/* Begin PBXTargetDependency section */
		17866C272E0DC89C0066607A /* PBXTargetDependency */ = {
			isa = PBXTargetDependency;
			target = 17866C172E0DC8990066607A /* ShopDeals */;
			targetProxy = 17866C262E0DC89C0066607A /* PBXContainerItemProxy */;
		};
		17866C312E0DC89C0066607A /* PBXTargetDependency */ = {
			isa = PBXTargetDependency;
			target = 17866C172E0DC8990066607A /* ShopDeals */;
			targetProxy = 17866C302E0DC89C0066607A /* PBXContainerItemProxy */;
		};
/* End PBXTargetDependency section */

/* Begin XCBuildConfiguration section */
		17866C372E0DC89C0066607A /* Debug */ = {
			isa = XCBuildConfiguration;
			buildSettings = {
				ALWAYS_SEARCH_USER_PATHS = NO;
				ASSETCATALOG_COMPILER_GENERATE_SWIFT_ASSET_SYMBOL_EXTENSIONS = YES;
				CLANG_ANALYZER_NONNULL = YES;
				CLANG_ANALYZER_NUMBER_OBJECT_CONVERSION = YES_AGGRESSIVE;
				CLANG_CXX_LANGUAGE_STANDARD = "gnu++20";
				CLANG_ENABLE_MODULES = YES;
				CLANG_ENABLE_OBJC_ARC = YES;
				CLANG_ENABLE_OBJC_WEAK = YES;
				CLANG_WARN_BLOCK_CAPTURE_AUTORELEASING = YES;
				CLANG_WARN_BOOL_CONVERSION = YES;
				CLANG_WARN_COMMA = YES;
				CLANG_WARN_CONSTANT_CONVERSION = YES;
				CLANG_WARN_DEPRECATED_OBJC_IMPLEMENTATIONS = YES;
				CLANG_WARN_DIRECT_OBJC_ISA_USAGE = YES_ERROR;
				CLANG_WARN_DOCUMENTATION_COMMENTS = YES;
				CLANG_WARN_EMPTY_BODY = YES;
				CLANG_WARN_ENUM_CONVERSION = YES;
				CLANG_WARN_INFINITE_RECURSION = YES;
				CLANG_WARN_INT_CONVERSION = YES;
				CLANG_WARN_NON_LITERAL_NULL_CONVERSION = YES;
				CLANG_WARN_OBJC_IMPLICIT_RETAIN_SELF = YES;
				CLANG_WARN_OBJC_LITERAL_CONVERSION = YES;
				CLANG_WARN_OBJC_ROOT_CLASS = YES_ERROR;
				CLANG_WARN_QUOTED_INCLUDE_IN_FRAMEWORK_HEADER = YES;
				CLANG_WARN_RANGE_LOOP_ANALYSIS = YES;
				CLANG_WARN_STRICT_PROTOTYPES = YES;
				CLANG_WARN_SUSPICIOUS_MOVE = YES;
				CLANG_WARN_UNGUARDED_AVAILABILITY = YES_AGGRESSIVE;
				CLANG_WARN_UNREACHABLE_CODE = YES;
				CLANG_WARN__DUPLICATE_METHOD_MATCH = YES;
				COPY_PHASE_STRIP = NO;
				DEBUG_INFORMATION_FORMAT = dwarf;
				ENABLE_STRICT_OBJC_MSGSEND = YES;
				ENABLE_TESTABILITY = YES;
				ENABLE_USER_SCRIPT_SANDBOXING = YES;
				GCC_C_LANGUAGE_STANDARD = gnu17;
				GCC_DYNAMIC_NO_PIC = NO;
				GCC_NO_COMMON_BLOCKS = YES;
				GCC_OPTIMIZATION_LEVEL = 0;
				GCC_PREPROCESSOR_DEFINITIONS = (
					"DEBUG=1",
					"$(inherited)",
				);
				GCC_WARN_64_TO_32_BIT_CONVERSION = YES;
				GCC_WARN_ABOUT_RETURN_TYPE = YES_ERROR;
				GCC_WARN_UNDECLARED_SELECTOR = YES;
				GCC_WARN_UNINITIALIZED_AUTOS = YES_AGGRESSIVE;
				GCC_WARN_UNUSED_FUNCTION = YES;
				GCC_WARN_UNUSED_VARIABLE = YES;
				IPHONEOS_DEPLOYMENT_TARGET = 18.5;
				LOCALIZATION_PREFERS_STRING_CATALOGS = YES;
				MTL_ENABLE_DEBUG_INFO = INCLUDE_SOURCE;
				MTL_FAST_MATH = YES;
				ONLY_ACTIVE_ARCH = YES;
				SDKROOT = iphoneos;
				SWIFT_ACTIVE_COMPILATION_CONDITIONS = "DEBUG $(inherited)";
				SWIFT_OPTIMIZATION_LEVEL = "-Onone";
			};
			name = Debug;
		};
		17866C382E0DC89C0066607A /* Release */ = {
			isa = XCBuildConfiguration;
			buildSettings = {
				ALWAYS_SEARCH_USER_PATHS = NO;
				ASSETCATALOG_COMPILER_GENERATE_SWIFT_ASSET_SYMBOL_EXTENSIONS = YES;
				CLANG_ANALYZER_NONNULL = YES;
				CLANG_ANALYZER_NUMBER_OBJECT_CONVERSION = YES_AGGRESSIVE;
				CLANG_CXX_LANGUAGE_STANDARD = "gnu++20";
				CLANG_ENABLE_MODULES = YES;
				CLANG_ENABLE_OBJC_ARC = YES;
				CLANG_ENABLE_OBJC_WEAK = YES;
				CLANG_WARN_BLOCK_CAPTURE_AUTORELEASING = YES;
				CLANG_WARN_BOOL_CONVERSION = YES;
				CLANG_WARN_COMMA = YES;
				CLANG_WARN_CONSTANT_CONVERSION = YES;
				CLANG_WARN_DEPRECATED_OBJC_IMPLEMENTATIONS = YES;
				CLANG_WARN_DIRECT_OBJC_ISA_USAGE = YES_ERROR;
				CLANG_WARN_DOCUMENTATION_COMMENTS = YES;
				CLANG_WARN_EMPTY_BODY = YES;
				CLANG_WARN_ENUM_CONVERSION = YES;
				CLANG_WARN_INFINITE_RECURSION = YES;
				CLANG_WARN_INT_CONVERSION = YES;
				CLANG_WARN_NON_LITERAL_NULL_CONVERSION = YES;
				CLANG_WARN_OBJC_IMPLICIT_RETAIN_SELF = YES;
				CLANG_WARN_OBJC_LITERAL_CONVERSION = YES;
				CLANG_WARN_OBJC_ROOT_CLASS = YES_ERROR;
				CLANG_WARN_QUOTED_INCLUDE_IN_FRAMEWORK_HEADER = YES;
				CLANG_WARN_RANGE_LOOP_ANALYSIS = YES;
				CLANG_WARN_STRICT_PROTOTYPES = YES;
				CLANG_WARN_SUSPICIOUS_MOVE = YES;
				CLANG_WARN_UNGUARDED_AVAILABILITY = YES_AGGRESSIVE;
				CLANG_WARN_UNREACHABLE_CODE = YES;
				CLANG_WARN__DUPLICATE_METHOD_MATCH = YES;
				COPY_PHASE_STRIP = NO;
				DEBUG_INFORMATION_FORMAT = "dwarf-with-dsym";
				ENABLE_NS_ASSERTIONS = NO;
				ENABLE_STRICT_OBJC_MSGSEND = YES;
				ENABLE_USER_SCRIPT_SANDBOXING = YES;
				GCC_C_LANGUAGE_STANDARD = gnu17;
				GCC_NO_COMMON_BLOCKS = YES;
				GCC_WARN_64_TO_32_BIT_CONVERSION = YES;
				GCC_WARN_ABOUT_RETURN_TYPE = YES_ERROR;
				GCC_WARN_UNDECLARED_SELECTOR = YES;
				GCC_WARN_UNINITIALIZED_AUTOS = YES_AGGRESSIVE;
				GCC_WARN_UNUSED_FUNCTION = YES;
				GCC_WARN_UNUSED_VARIABLE = YES;
				IPHONEOS_DEPLOYMENT_TARGET = 18.5;
				LOCALIZATION_PREFERS_STRING_CATALOGS = YES;
				MTL_ENABLE_DEBUG_INFO = NO;
				MTL_FAST_MATH = YES;
				SDKROOT = iphoneos;
				SWIFT_COMPILATION_MODE = wholemodule;
				VALIDATE_PRODUCT = YES;
			};
			name = Release;
		};
		17866C3A2E0DC89C0066607A /* Debug */ = {
			isa = XCBuildConfiguration;
			buildSettings = {
				ASSETCATALOG_COMPILER_APPICON_NAME = AppIcon;
				ASSETCATALOG_COMPILER_GLOBAL_ACCENT_COLOR_NAME = AccentColor;
				CODE_SIGN_STYLE = Automatic;
				CURRENT_PROJECT_VERSION = 1;
				ENABLE_PREVIEWS = YES;
				GENERATE_INFOPLIST_FILE = YES;
				INFOPLIST_FILE = ShopDeals/Info.plist;
				INFOPLIST_KEY_UIApplicationSceneManifest_Generation = YES;
				INFOPLIST_KEY_UIApplicationSupportsIndirectInputEvents = YES;
				INFOPLIST_KEY_UILaunchScreen_Generation = YES;
				INFOPLIST_KEY_UISupportedInterfaceOrientations_iPad = "UIInterfaceOrientationPortrait UIInterfaceOrientationPortraitUpsideDown UIInterfaceOrientationLandscapeLeft UIInterfaceOrientationLandscapeRight";
				INFOPLIST_KEY_UISupportedInterfaceOrientations_iPhone = "UIInterfaceOrientationPortrait UIInterfaceOrientationLandscapeLeft UIInterfaceOrientationLandscapeRight";
				LD_RUNPATH_SEARCH_PATHS = (
					"$(inherited)",
					"@executable_path/Frameworks",
				);
				MARKETING_VERSION = 1.0;
				PRODUCT_BUNDLE_IDENTIFIER = com.ShopDeals;
				PRODUCT_NAME = "$(TARGET_NAME)";
				SWIFT_EMIT_LOC_STRINGS = YES;
				SWIFT_VERSION = 5.0;
				TARGETED_DEVICE_FAMILY = "1,2";
			};
			name = Debug;
		};
		17866C3B2E0DC89C0066607A /* Release */ = {
			isa = XCBuildConfiguration;
			buildSettings = {
				ASSETCATALOG_COMPILER_APPICON_NAME = AppIcon;
				ASSETCATALOG_COMPILER_GLOBAL_ACCENT_COLOR_NAME = AccentColor;
				CODE_SIGN_STYLE = Automatic;
				CURRENT_PROJECT_VERSION = 1;
				ENABLE_PREVIEWS = YES;
				GENERATE_INFOPLIST_FILE = YES;
				INFOPLIST_FILE = ShopDeals/Info.plist;
				INFOPLIST_KEY_UIApplicationSceneManifest_Generation = YES;
				INFOPLIST_KEY_UIApplicationSupportsIndirectInputEvents = YES;
				INFOPLIST_KEY_UILaunchScreen_Generation = YES;
				INFOPLIST_KEY_UISupportedInterfaceOrientations_iPad = "UIInterfaceOrientationPortrait UIInterfaceOrientationPortraitUpsideDown UIInterfaceOrientationLandscapeLeft UIInterfaceOrientationLandscapeRight";
				INFOPLIST_KEY_UISupportedInterfaceOrientations_iPhone = "UIInterfaceOrientationPortrait UIInterfaceOrientationLandscapeLeft UIInterfaceOrientationLandscapeRight";
				LD_RUNPATH_SEARCH_PATHS = (
					"$(inherited)",
					"@executable_path/Frameworks",
				);
				MARKETING_VERSION = 1.0;
				PRODUCT_BUNDLE_IDENTIFIER = com.ShopDeals;
				PRODUCT_NAME = "$(TARGET_NAME)";
				SWIFT_EMIT_LOC_STRINGS = YES;
				SWIFT_VERSION = 5.0;
				TARGETED_DEVICE_FAMILY = "1,2";
			};
			name = Release;
		};
		17866C3D2E0DC89C0066607A /* Debug */ = {
			isa = XCBuildConfiguration;
			buildSettings = {
				BUNDLE_LOADER = "$(TEST_HOST)";
				CODE_SIGN_STYLE = Automatic;
				CURRENT_PROJECT_VERSION = 1;
				GENERATE_INFOPLIST_FILE = YES;
				IPHONEOS_DEPLOYMENT_TARGET = 18.5;
				MARKETING_VERSION = 1.0;
				PRODUCT_BUNDLE_IDENTIFIER = com.ShopDealsTests;
				PRODUCT_NAME = "$(TARGET_NAME)";
				SWIFT_EMIT_LOC_STRINGS = NO;
				SWIFT_VERSION = 5.0;
				TARGETED_DEVICE_FAMILY = "1,2";
				TEST_HOST = "$(BUILT_PRODUCTS_DIR)/ShopDeals.app/$(BUNDLE_EXECUTABLE_FOLDER_PATH)/ShopDeals";
			};
			name = Debug;
		};
		17866C3E2E0DC89C0066607A /* Release */ = {
			isa = XCBuildConfiguration;
			buildSettings = {
				BUNDLE_LOADER = "$(TEST_HOST)";
				CODE_SIGN_STYLE = Automatic;
				CURRENT_PROJECT_VERSION = 1;
				GENERATE_INFOPLIST_FILE = YES;
				IPHONEOS_DEPLOYMENT_TARGET = 18.5;
				MARKETING_VERSION = 1.0;
				PRODUCT_BUNDLE_IDENTIFIER = com.ShopDealsTests;
				PRODUCT_NAME = "$(TARGET_NAME)";
				SWIFT_EMIT_LOC_STRINGS = NO;
				SWIFT_VERSION = 5.0;
				TARGETED_DEVICE_FAMILY = "1,2";
				TEST_HOST = "$(BUILT_PRODUCTS_DIR)/ShopDeals.app/$(BUNDLE_EXECUTABLE_FOLDER_PATH)/ShopDeals";
			};
			name = Release;
		};
		17866C402E0DC89C0066607A /* Debug */ = {
			isa = XCBuildConfiguration;
			buildSettings = {
				CODE_SIGN_STYLE = Automatic;
				CURRENT_PROJECT_VERSION = 1;
				GENERATE_INFOPLIST_FILE = YES;
				MARKETING_VERSION = 1.0;
				PRODUCT_BUNDLE_IDENTIFIER = com.ShopDealsUITests;
				PRODUCT_NAME = "$(TARGET_NAME)";
				SWIFT_EMIT_LOC_STRINGS = NO;
				SWIFT_VERSION = 5.0;
				TARGETED_DEVICE_FAMILY = "1,2";
				TEST_TARGET_NAME = ShopDeals;
			};
			name = Debug;
		};
		17866C412E0DC89C0066607A /* Release */ = {
			isa = XCBuildConfiguration;
			buildSettings = {
				CODE_SIGN_STYLE = Automatic;
				CURRENT_PROJECT_VERSION = 1;
				GENERATE_INFOPLIST_FILE = YES;
				MARKETING_VERSION = 1.0;
				PRODUCT_BUNDLE_IDENTIFIER = com.ShopDealsUITests;
				PRODUCT_NAME = "$(TARGET_NAME)";
				SWIFT_EMIT_LOC_STRINGS = NO;
				SWIFT_VERSION = 5.0;
				TARGETED_DEVICE_FAMILY = "1,2";
				TEST_TARGET_NAME = ShopDeals;
			};
			name = Release;
		};
/* End XCBuildConfiguration section */

/* Begin XCConfigurationList section */
		17866C132E0DC8990066607A /* Build configuration list for PBXProject "ShopDeals" */ = {
			isa = XCConfigurationList;
			buildConfigurations = (
				17866C372E0DC89C0066607A /* Debug */,
				17866C382E0DC89C0066607A /* Release */,
			);
			defaultConfigurationIsVisible = 0;
			defaultConfigurationName = Release;
		};
		17866C392E0DC89C0066607A /* Build configuration list for PBXNativeTarget "ShopDeals" */ = {
			isa = XCConfigurationList;
			buildConfigurations = (
				17866C3A2E0DC89C0066607A /* Debug */,
				17866C3B2E0DC89C0066607A /* Release */,
			);
			defaultConfigurationIsVisible = 0;
			defaultConfigurationName = Release;
		};
		17866C3C2E0DC89C0066607A /* Build configuration list for PBXNativeTarget "ShopDealsTests" */ = {
			isa = XCConfigurationList;
			buildConfigurations = (
				17866C3D2E0DC89C0066607A /* Debug */,
				17866C3E2E0DC89C0066607A /* Release */,
			);
			defaultConfigurationIsVisible = 0;
			defaultConfigurationName = Release;
		};
		17866C3F2E0DC89C0066607A /* Build configuration list for PBXNativeTarget "ShopDealsUITests" */ = {
			isa = XCConfigurationList;
			buildConfigurations = (
				17866C402E0DC89C0066607A /* Debug */,
				17866C412E0DC89C0066607A /* Release */,
			);
			defaultConfigurationIsVisible = 0;
			defaultConfigurationName = Release;
		};
/* End XCConfigurationList section */
	};
	rootObject = 17866C102E0DC8990066607A /* Project object */;
}
